
Microsoft Visual Studio Solution File, Format Version 12.00
# Visual Studio 15
VisualStudioVersion = 15.0.27428.2015
MinimumVisualStudioVersion = 10.0.40219.1
Project("{FAE04EC0-301F-11D3-BF4B-00C04F79EFBC}") = "GamesSiteMain", "GamesSiteMain\GamesSiteMain.csproj", "{519C1A7C-02F3-46F8-B843-E952A222704F}"
EndProject
Global
	GlobalSection(SolutionConfigurationPlatforms) = preSolution
		Debug|Any CPU = Debug|Any CPU
		Release|Any CPU = Release|Any CPU
	EndGlobalSection
	GlobalSection(ProjectConfigurationPlatforms) = postSolution
		{519C1A7C-02F3-46F8-B843-E952A222704F}.Debug|Any CPU.ActiveCfg = Debug|Any CPU
		{519C1A7C-02F3-46F8-B843-E952A222704F}.Debug|Any CPU.Build.0 = Debug|Any CPU
		{519C1A7C-02F3-46F8-B843-E952A222704F}.Release|Any CPU.ActiveCfg = Release|Any CPU
		{519C1A7C-02F3-46F8-B843-E952A222704F}.Release|Any CPU.Build.0 = Release|Any CPU
	EndGlobalSection
	GlobalSection(SolutionProperties) = preSolution
		HideSolutionNode = FALSE
	EndGlobalSection
	GlobalSection(ExtensibilityGlobals) = postSolution
		SolutionGuid = {63DF7F25-5323-4C93-9CAC-72583C2098DD}
	EndGlobalSection
EndGlobal
